
Microsoft Visual Studio Solution File, Format Version 12.00
# Visual Studio Version 17
VisualStudioVersion = 17.5.33530.505
MinimumVisualStudioVersion = 10.0.40219.1
Project("{FAE04EC0-301F-11D3-BF4B-00C04F79EFBC}") = "SistDist", "SistDist.csproj", "{AC320543-2B1B-447B-B073-D7C97C9EBF28}"
EndProject
Global
	GlobalSection(SolutionConfigurationPlatforms) = preSolution
		Debug|Any CPU = Debug|Any CPU
		Release|Any CPU = Release|Any CPU
	EndGlobalSection
	GlobalSection(ProjectConfigurationPlatforms) = postSolution
		{AC320543-2B1B-447B-B073-D7C97C9EBF28}.Debug|Any CPU.ActiveCfg = Debug|Any CPU
		{AC320543-2B1B-447B-B073-D7C97C9EBF28}.Debug|Any CPU.Build.0 = Debug|Any CPU
		{AC320543-2B1B-447B-B073-D7C97C9EBF28}.Release|Any CPU.ActiveCfg = Release|Any CPU
		{AC320543-2B1B-447B-B073-D7C97C9EBF28}.Release|Any CPU.Build.0 = Release|Any CPU
	EndGlobalSection
	GlobalSection(SolutionProperties) = preSolution
		HideSolutionNode = FALSE
	EndGlobalSection
	GlobalSection(ExtensibilityGlobals) = postSolution
		SolutionGuid = {A9CD5137-C07D-4DAC-A106-2A23DC0E31EA}
	EndGlobalSection
EndGlobal
